
Microsoft Visual Studio Solution File, Format Version 12.00
# Visual Studio Version 17
VisualStudioVersion = 17.5.002.0
MinimumVisualStudioVersion = 10.0.40219.1
Project("{9A19103F-16F7-4668-BE54-9A1E7A4F7556}") = "ConsoleClient", "ConsoleClient\ConsoleClient.csproj", "{FD5EE44D-A4B4-4F3E-A84A-AFD10227EB85}"
EndProject
Project("{9A19103F-16F7-4668-BE54-9A1E7A4F7556}") = "Host", "Host\Host.csproj", "{8E9F4925-11F0-4179-A408-AFD42018EC09}"
EndProject
Project("{9A19103F-16F7-4668-BE54-9A1E7A4F7556}") = "JavascriptClient", "JavascriptClient\JavascriptClient.csproj", "{79E01C4C-B08F-4CF9-AF7F-DF60D2720B7E}"
EndProject
Global
	GlobalSection(SolutionConfigurationPlatforms) = preSolution
		Debug|Any CPU = Debug|Any CPU
		Release|Any CPU = Release|Any CPU
	EndGlobalSection
	GlobalSection(ProjectConfigurationPlatforms) = postSolution
		{FD5EE44D-A4B4-4F3E-A84A-AFD10227EB85}.Debug|Any CPU.ActiveCfg = Debug|Any CPU
		{FD5EE44D-A4B4-4F3E-A84A-AFD10227EB85}.Debug|Any CPU.Build.0 = Debug|Any CPU
		{FD5EE44D-A4B4-4F3E-A84A-AFD10227EB85}.Release|Any CPU.ActiveCfg = Release|Any CPU
		{FD5EE44D-A4B4-4F3E-A84A-AFD10227EB85}.Release|Any CPU.Build.0 = Release|Any CPU
		{8E9F4925-11F0-4179-A408-AFD42018EC09}.Debug|Any CPU.ActiveCfg = Debug|Any CPU
		{8E9F4925-11F0-4179-A408-AFD42018EC09}.Debug|Any CPU.Build.0 = Debug|Any CPU
		{8E9F4925-11F0-4179-A408-AFD42018EC09}.Release|Any CPU.ActiveCfg = Release|Any CPU
		{8E9F4925-11F0-4179-A408-AFD42018EC09}.Release|Any CPU.Build.0 = Release|Any CPU
		{79E01C4C-B08F-4CF9-AF7F-DF60D2720B7E}.Debug|Any CPU.ActiveCfg = Debug|Any CPU
		{79E01C4C-B08F-4CF9-AF7F-DF60D2720B7E}.Debug|Any CPU.Build.0 = Debug|Any CPU
		{79E01C4C-B08F-4CF9-AF7F-DF60D2720B7E}.Release|Any CPU.ActiveCfg = Release|Any CPU
		{79E01C4C-B08F-4CF9-AF7F-DF60D2720B7E}.Release|Any CPU.Build.0 = Release|Any CPU
	EndGlobalSection
	GlobalSection(SolutionProperties) = preSolution
		HideSolutionNode = FALSE
	EndGlobalSection
	GlobalSection(ExtensibilityGlobals) = postSolution
		SolutionGuid = {688B2FD7-3A47-4CBA-860F-DF3B387221D2}
	EndGlobalSection
EndGlobal
